// !$*UTF8*$!
{
	archiveVersion = 1;
	classes = {
	};
	objectVersion = 46;
	objects = {

/* Begin PBXBuildFile section */
		22443C171F71DECB00F2F526 /* AppDelegate.swift in Sources */ = {isa = PBXBuildFile; fileRef = 22443C161F71DECB00F2F526 /* AppDelegate.swift */; };
		22443C191F71DECB00F2F526 /* ViewController.swift in Sources */ = {isa = PBXBuildFile; fileRef = 22443C181F71DECB00F2F526 /* ViewController.swift */; };
		22443C1C1F71DECB00F2F526 /* Main.storyboard in Resources */ = {isa = PBXBuildFile; fileRef = 22443C1A1F71DECB00F2F526 /* Main.storyboard */; };
		22443C1F1F71DECB00F2F526 /* PerfectNews.xcdatamodeld in Sources */ = {isa = PBXBuildFile; fileRef = 22443C1D1F71DECB00F2F526 /* PerfectNews.xcdatamodeld */; };
		22443C211F71DECB00F2F526 /* Assets.xcassets in Resources */ = {isa = PBXBuildFile; fileRef = 22443C201F71DECB00F2F526 /* Assets.xcassets */; };
		22443C241F71DECB00F2F526 /* LaunchScreen.storyboard in Resources */ = {isa = PBXBuildFile; fileRef = 22443C221F71DECB00F2F526 /* LaunchScreen.storyboard */; };
		22443C2C1F71E06700F2F526 /* GoogleService-Info.plist in Resources */ = {isa = PBXBuildFile; fileRef = 22443C2B1F71E06700F2F526 /* GoogleService-Info.plist */; };
		22A0DD0B1F7587260040B698 /* ArticuloTableViewCell.swift in Sources */ = {isa = PBXBuildFile; fileRef = 22A0DD0A1F7587260040B698 /* ArticuloTableViewCell.swift */; };
		22D17EFD1F742F880075AA00 /* HomeViewController.swift in Sources */ = {isa = PBXBuildFile; fileRef = 22D17EFC1F742F880075AA00 /* HomeViewController.swift */; };
		22DC5B0A1F72031B00069645 /* FBSDKCoreKit.framework in Frameworks */ = {isa = PBXBuildFile; fileRef = 22DC5B091F72031B00069645 /* FBSDKCoreKit.framework */; };
		22DC5B0C1F7209F300069645 /* FBSDKLoginKit.framework in Frameworks */ = {isa = PBXBuildFile; fileRef = 22DC5B0B1F7209F300069645 /* FBSDKLoginKit.framework */; };
		EB855776A5AF54D2B4967B2C /* Pods_PerfectNews.framework in Frameworks */ = {isa = PBXBuildFile; fileRef = BF413D00D5C82A85B3AA6903 /* Pods_PerfectNews.framework */; };
/* End PBXBuildFile section */

/* Begin PBXFileReference section */
		22443C131F71DECB00F2F526 /* PerfectNews.app */ = {isa = PBXFileReference; explicitFileType = wrapper.application; includeInIndex = 0; path = PerfectNews.app; sourceTree = BUILT_PRODUCTS_DIR; };
		22443C161F71DECB00F2F526 /* AppDelegate.swift */ = {isa = PBXFileReference; lastKnownFileType = sourcecode.swift; path = AppDelegate.swift; sourceTree = "<group>"; };
		22443C181F71DECB00F2F526 /* ViewController.swift */ = {isa = PBXFileReference; lastKnownFileType = sourcecode.swift; path = ViewController.swift; sourceTree = "<group>"; };
		22443C1B1F71DECB00F2F526 /* Base */ = {isa = PBXFileReference; lastKnownFileType = file.storyboard; name = Base; path = Base.lproj/Main.storyboard; sourceTree = "<group>"; };
		22443C1E1F71DECB00F2F526 /* PerfectNews.xcdatamodel */ = {isa = PBXFileReference; lastKnownFileType = wrapper.xcdatamodel; path = PerfectNews.xcdatamodel; sourceTree = "<group>"; };
		22443C201F71DECB00F2F526 /* Assets.xcassets */ = {isa = PBXFileReference; lastKnownFileType = folder.assetcatalog; path = Assets.xcassets; sourceTree = "<group>"; };
		22443C231F71DECB00F2F526 /* Base */ = {isa = PBXFileReference; lastKnownFileType = file.storyboard; name = Base; path = Base.lproj/LaunchScreen.storyboard; sourceTree = "<group>"; };
		22443C251F71DECB00F2F526 /* Info.plist */ = {isa = PBXFileReference; lastKnownFileType = text.plist.xml; path = Info.plist; sourceTree = "<group>"; };
		22443C2B1F71E06700F2F526 /* GoogleService-Info.plist */ = {isa = PBXFileReference; fileEncoding = 4; lastKnownFileType = text.plist.xml; path = "GoogleService-Info.plist"; sourceTree = "<group>"; };
		22A0DD0A1F7587260040B698 /* ArticuloTableViewCell.swift */ = {isa = PBXFileReference; fileEncoding = 4; lastKnownFileType = sourcecode.swift; path = ArticuloTableViewCell.swift; sourceTree = "<group>"; };
		22D17EFC1F742F880075AA00 /* HomeViewController.swift */ = {isa = PBXFileReference; fileEncoding = 4; lastKnownFileType = sourcecode.swift; path = HomeViewController.swift; sourceTree = "<group>"; };
		22DC5B091F72031B00069645 /* FBSDKCoreKit.framework */ = {isa = PBXFileReference; lastKnownFileType = wrapper.framework; name = FBSDKCoreKit.framework; path = ../../FacebookSDK/FBSDKCoreKit.framework; sourceTree = "<group>"; };
		22DC5B0B1F7209F300069645 /* FBSDKLoginKit.framework */ = {isa = PBXFileReference; lastKnownFileType = wrapper.framework; name = FBSDKLoginKit.framework; path = ../../FacebookSDK/FBSDKLoginKit.framework; sourceTree = "<group>"; };
		27342D52F761F0E0786A4A67 /* Pods-PerfectNews.release.xcconfig */ = {isa = PBXFileReference; includeInIndex = 1; lastKnownFileType = text.xcconfig; name = "Pods-PerfectNews.release.xcconfig"; path = "Pods/Target Support Files/Pods-PerfectNews/Pods-PerfectNews.release.xcconfig"; sourceTree = "<group>"; };
		5C38F5776B004251574987E4 /* Pods-PerfectNews.debug.xcconfig */ = {isa = PBXFileReference; includeInIndex = 1; lastKnownFileType = text.xcconfig; name = "Pods-PerfectNews.debug.xcconfig"; path = "Pods/Target Support Files/Pods-PerfectNews/Pods-PerfectNews.debug.xcconfig"; sourceTree = "<group>"; };
		BF413D00D5C82A85B3AA6903 /* Pods_PerfectNews.framework */ = {isa = PBXFileReference; explicitFileType = wrapper.framework; includeInIndex = 0; path = Pods_PerfectNews.framework; sourceTree = BUILT_PRODUCTS_DIR; };
/* End PBXFileReference section */

/* Begin PBXFrameworksBuildPhase section */
		22443C101F71DECB00F2F526 /* Frameworks */ = {
			isa = PBXFrameworksBuildPhase;
			buildActionMask = 2147483647;
			files = (
				EB855776A5AF54D2B4967B2C /* Pods_PerfectNews.framework in Frameworks */,
				22DC5B0A1F72031B00069645 /* FBSDKCoreKit.framework in Frameworks */,
				22DC5B0C1F7209F300069645 /* FBSDKLoginKit.framework in Frameworks */,
			);
			runOnlyForDeploymentPostprocessing = 0;
		};
/* End PBXFrameworksBuildPhase section */

/* Begin PBXGroup section */
		110C4D3B661D7EF219F68E4F /* Frameworks */ = {
			isa = PBXGroup;
			children = (
				22DC5B0B1F7209F300069645 /* FBSDKLoginKit.framework */,
				22DC5B091F72031B00069645 /* FBSDKCoreKit.framework */,
				BF413D00D5C82A85B3AA6903 /* Pods_PerfectNews.framework */,
			);
			name = Frameworks;
			sourceTree = "<group>";
		};
		22443C0A1F71DECB00F2F526 = {
			isa = PBXGroup;
			children = (
				22443C151F71DECB00F2F526 /* PerfectNews */,
				22443C141F71DECB00F2F526 /* Products */,
				8EB432ACEC6880EA310B92D0 /* Pods */,
				110C4D3B661D7EF219F68E4F /* Frameworks */,
			);
			sourceTree = "<group>";
		};
		22443C141F71DECB00F2F526 /* Products */ = {
			isa = PBXGroup;
			children = (
				22443C131F71DECB00F2F526 /* PerfectNews.app */,
			);
			name = Products;
			sourceTree = "<group>";
		};
		22443C151F71DECB00F2F526 /* PerfectNews */ = {
			isa = PBXGroup;
			children = (
				22443C161F71DECB00F2F526 /* AppDelegate.swift */,
				22443C181F71DECB00F2F526 /* ViewController.swift */,
				22443C1A1F71DECB00F2F526 /* Main.storyboard */,
				22443C201F71DECB00F2F526 /* Assets.xcassets */,
				22443C221F71DECB00F2F526 /* LaunchScreen.storyboard */,
				22443C251F71DECB00F2F526 /* Info.plist */,
				22443C2B1F71E06700F2F526 /* GoogleService-Info.plist */,
				22443C1D1F71DECB00F2F526 /* PerfectNews.xcdatamodeld */,
				22D17EFC1F742F880075AA00 /* HomeViewController.swift */,
				22A0DD0A1F7587260040B698 /* ArticuloTableViewCell.swift */,
			);
			path = PerfectNews;
			sourceTree = "<group>";
		};
		8EB432ACEC6880EA310B92D0 /* Pods */ = {
			isa = PBXGroup;
			children = (
				5C38F5776B004251574987E4 /* Pods-PerfectNews.debug.xcconfig */,
				27342D52F761F0E0786A4A67 /* Pods-PerfectNews.release.xcconfig */,
			);
			name = Pods;
			sourceTree = "<group>";
		};
/* End PBXGroup section */

/* Begin PBXNativeTarget section */
		22443C121F71DECB00F2F526 /* PerfectNews */ = {
			isa = PBXNativeTarget;
			buildConfigurationList = 22443C281F71DECB00F2F526 /* Build configuration list for PBXNativeTarget "PerfectNews" */;
			buildPhases = (
				B0BED846CC78965A590BF5D1 /* [CP] Check Pods Manifest.lock */,
				22443C0F1F71DECB00F2F526 /* Sources */,
				22443C101F71DECB00F2F526 /* Frameworks */,
				22443C111F71DECB00F2F526 /* Resources */,
				E59C5A735EA3FDD94A5F5B88 /* [CP] Embed Pods Frameworks */,
				15C8546C1BF261B8E8D6F60E /* [CP] Copy Pods Resources */,
			);
			buildRules = (
			);
			dependencies = (
			);
			name = PerfectNews;
			productName = PerfectNews;
			productReference = 22443C131F71DECB00F2F526 /* PerfectNews.app */;
			productType = "com.apple.product-type.application";
		};
/* End PBXNativeTarget section */

/* Begin PBXProject section */
		22443C0B1F71DECB00F2F526 /* Project object */ = {
			isa = PBXProject;
			attributes = {
				LastSwiftUpdateCheck = 0830;
				LastUpgradeCheck = 0830;
				ORGANIZATIONNAME = "Alumno-DG";
				TargetAttributes = {
					22443C121F71DECB00F2F526 = {
						CreatedOnToolsVersion = 8.3.3;
						ProvisioningStyle = Automatic;
					};
				};
			};
			buildConfigurationList = 22443C0E1F71DECB00F2F526 /* Build configuration list for PBXProject "PerfectNews" */;
			compatibilityVersion = "Xcode 3.2";
			developmentRegion = English;
			hasScannedForEncodings = 0;
			knownRegions = (
				en,
				Base,
			);
			mainGroup = 22443C0A1F71DECB00F2F526;
			productRefGroup = 22443C141F71DECB00F2F526 /* Products */;
			projectDirPath = "";
			projectRoot = "";
			targets = (
				22443C121F71DECB00F2F526 /* PerfectNews */,
			);
		};
/* End PBXProject section */

/* Begin PBXResourcesBuildPhase section */
		22443C111F71DECB00F2F526 /* Resources */ = {
			isa = PBXResourcesBuildPhase;
			buildActionMask = 2147483647;
			files = (
				22443C241F71DECB00F2F526 /* LaunchScreen.storyboard in Resources */,
				22443C2C1F71E06700F2F526 /* GoogleService-Info.plist in Resources */,
				22443C211F71DECB00F2F526 /* Assets.xcassets in Resources */,
				22443C1C1F71DECB00F2F526 /* Main.storyboard in Resources */,
			);
			runOnlyForDeploymentPostprocessing = 0;
		};
/* End PBXResourcesBuildPhase section */

/* Begin PBXShellScriptBuildPhase section */
		15C8546C1BF261B8E8D6F60E /* [CP] Copy Pods Resources */ = {
			isa = PBXShellScriptBuildPhase;
			buildActionMask = 2147483647;
			files = (
			);
			inputPaths = (
			);
			name = "[CP] Copy Pods Resources";
			outputPaths = (
			);
			runOnlyForDeploymentPostprocessing = 0;
			shellPath = /bin/sh;
			shellScript = "\"${SRCROOT}/Pods/Target Support Files/Pods-PerfectNews/Pods-PerfectNews-resources.sh\"\n";
			showEnvVarsInLog = 0;
		};
		B0BED846CC78965A590BF5D1 /* [CP] Check Pods Manifest.lock */ = {
			isa = PBXShellScriptBuildPhase;
			buildActionMask = 2147483647;
			files = (
			);
			inputPaths = (
				"${PODS_PODFILE_DIR_PATH}/Podfile.lock",
				"${PODS_ROOT}/Manifest.lock",
			);
			name = "[CP] Check Pods Manifest.lock";
			outputPaths = (
				"$(DERIVED_FILE_DIR)/Pods-PerfectNews-checkManifestLockResult.txt",
			);
			runOnlyForDeploymentPostprocessing = 0;
			shellPath = /bin/sh;
			shellScript = "diff \"${PODS_PODFILE_DIR_PATH}/Podfile.lock\" \"${PODS_ROOT}/Manifest.lock\" > /dev/null\nif [ $? != 0 ] ; then\n    # print error to STDERR\n    echo \"error: The sandbox is not in sync with the Podfile.lock. Run 'pod install' or update your CocoaPods installation.\" >&2\n    exit 1\nfi\n# This output is used by Xcode 'outputs' to avoid re-running this script phase.\necho \"SUCCESS\" > \"${SCRIPT_OUTPUT_FILE_0}\"\n";
			showEnvVarsInLog = 0;
		};
		E59C5A735EA3FDD94A5F5B88 /* [CP] Embed Pods Frameworks */ = {
			isa = PBXShellScriptBuildPhase;
			buildActionMask = 2147483647;
			files = (
			);
			inputPaths = (
				"${SRCROOT}/Pods/Target Support Files/Pods-PerfectNews/Pods-PerfectNews-frameworks.sh",
				"${BUILT_PRODUCTS_DIR}/GTMSessionFetcher/GTMSessionFetcher.framework",
				"${BUILT_PRODUCTS_DIR}/GoogleToolboxForMac/GoogleToolboxForMac.framework",
				"${BUILT_PRODUCTS_DIR}/nanopb/nanopb.framework",
			);
			name = "[CP] Embed Pods Frameworks";
			outputPaths = (
				"${TARGET_BUILD_DIR}/${FRAMEWORKS_FOLDER_PATH}/GTMSessionFetcher.framework",
				"${TARGET_BUILD_DIR}/${FRAMEWORKS_FOLDER_PATH}/GoogleToolboxForMac.framework",
				"${TARGET_BUILD_DIR}/${FRAMEWORKS_FOLDER_PATH}/nanopb.framework",
			);
			runOnlyForDeploymentPostprocessing = 0;
			shellPath = /bin/sh;
			shellScript = "\"${SRCROOT}/Pods/Target Support Files/Pods-PerfectNews/Pods-PerfectNews-frameworks.sh\"\n";
			showEnvVarsInLog = 0;
		};
/* End PBXShellScriptBuildPhase section */

/* Begin PBXSourcesBuildPhase section */
		22443C0F1F71DECB00F2F526 /* Sources */ = {
			isa = PBXSourcesBuildPhase;
			buildActionMask = 2147483647;
			files = (
				22443C1F1F71DECB00F2F526 /* PerfectNews.xcdatamodeld in Sources */,
				22A0DD0B1F7587260040B698 /* ArticuloTableViewCell.swift in Sources */,
				22443C191F71DECB00F2F526 /* ViewController.swift in Sources */,
				22443C171F71DECB00F2F526 /* AppDelegate.swift in Sources */,
				22D17EFD1F742F880075AA00 /* HomeViewController.swift in Sources */,
			);
			runOnlyForDeploymentPostprocessing = 0;
		};
/* End PBXSourcesBuildPhase section */

/* Begin PBXVariantGroup section */
		22443C1A1F71DECB00F2F526 /* Main.storyboard */ = {
			isa = PBXVariantGroup;
			children = (
				22443C1B1F71DECB00F2F526 /* Base */,
			);
			name = Main.storyboard;
			sourceTree = "<group>";
		};
		22443C221F71DECB00F2F526 /* LaunchScreen.storyboard */ = {
			isa = PBXVariantGroup;
			children = (
				22443C231F71DECB00F2F526 /* Base */,
			);
			name = LaunchScreen.storyboard;
			sourceTree = "<group>";
		};
/* End PBXVariantGroup section */

/* Begin XCBuildConfiguration section */
		22443C261F71DECB00F2F526 /* Debug */ = {
			isa = XCBuildConfiguration;
			buildSettings = {
				ALWAYS_SEARCH_USER_PATHS = NO;
				CLANG_ANALYZER_NONNULL = YES;
				CLANG_ANALYZER_NUMBER_OBJECT_CONVERSION = YES_AGGRESSIVE;
				CLANG_CXX_LANGUAGE_STANDARD = "gnu++0x";
				CLANG_CXX_LIBRARY = "libc++";
				CLANG_ENABLE_MODULES = YES;
				CLANG_ENABLE_OBJC_ARC = YES;
				CLANG_WARN_BOOL_CONVERSION = YES;
				CLANG_WARN_CONSTANT_CONVERSION = YES;
				CLANG_WARN_DIRECT_OBJC_ISA_USAGE = YES_ERROR;
				CLANG_WARN_DOCUMENTATION_COMMENTS = YES;
				CLANG_WARN_EMPTY_BODY = YES;
				CLANG_WARN_ENUM_CONVERSION = YES;
				CLANG_WARN_INFINITE_RECURSION = YES;
				CLANG_WARN_INT_CONVERSION = YES;
				CLANG_WARN_OBJC_ROOT_CLASS = YES_ERROR;
				CLANG_WARN_SUSPICIOUS_MOVE = YES;
				CLANG_WARN_UNREACHABLE_CODE = YES;
				CLANG_WARN__DUPLICATE_METHOD_MATCH = YES;
				"CODE_SIGN_IDENTITY[sdk=iphoneos*]" = "iPhone Developer";
				COPY_PHASE_STRIP = NO;
				DEBUG_INFORMATION_FORMAT = dwarf;
				ENABLE_STRICT_OBJC_MSGSEND = YES;
				ENABLE_TESTABILITY = YES;
				GCC_C_LANGUAGE_STANDARD = gnu99;
				GCC_DYNAMIC_NO_PIC = NO;
				GCC_NO_COMMON_BLOCKS = YES;
				GCC_OPTIMIZATION_LEVEL = 0;
				GCC_PREPROCESSOR_DEFINITIONS = (
					"DEBUG=1",
					"$(inherited)",
				);
				GCC_WARN_64_TO_32_BIT_CONVERSION = YES;
				GCC_WARN_ABOUT_RETURN_TYPE = YES_ERROR;
				GCC_WARN_UNDECLARED_SELECTOR = YES;
				GCC_WARN_UNINITIALIZED_AUTOS = YES_AGGRESSIVE;
				GCC_WARN_UNUSED_FUNCTION = YES;
				GCC_WARN_UNUSED_VARIABLE = YES;
				IPHONEOS_DEPLOYMENT_TARGET = 10.3;
				MTL_ENABLE_DEBUG_INFO = YES;
				ONLY_ACTIVE_ARCH = YES;
				SDKROOT = iphoneos;
				SWIFT_ACTIVE_COMPILATION_CONDITIONS = DEBUG;
				SWIFT_OPTIMIZATION_LEVEL = "-Onone";
			};
			name = Debug;
		};
		22443C271F71DECB00F2F526 /* Release */ = {
			isa = XCBuildConfiguration;
			buildSettings = {
				ALWAYS_SEARCH_USER_PATHS = NO;
				CLANG_ANALYZER_NONNULL = YES;
				CLANG_ANALYZER_NUMBER_OBJECT_CONVERSION = YES_AGGRESSIVE;
				CLANG_CXX_LANGUAGE_STANDARD = "gnu++0x";
				CLANG_CXX_LIBRARY = "libc++";
				CLANG_ENABLE_MODULES = YES;
				CLANG_ENABLE_OBJC_ARC = YES;
				CLANG_WARN_BOOL_CONVERSION = YES;
				CLANG_WARN_CONSTANT_CONVERSION = YES;
				CLANG_WARN_DIRECT_OBJC_ISA_USAGE = YES_ERROR;
				CLANG_WARN_DOCUMENTATION_COMMENTS = YES;
				CLANG_WARN_EMPTY_BODY = YES;
				CLANG_WARN_ENUM_CONVERSION = YES;
				CLANG_WARN_INFINITE_RECURSION = YES;
				CLANG_WARN_INT_CONVERSION = YES;
				CLANG_WARN_OBJC_ROOT_CLASS = YES_ERROR;
				CLANG_WARN_SUSPICIOUS_MOVE = YES;
				CLANG_WARN_UNREACHABLE_CODE = YES;
				CLANG_WARN__DUPLICATE_METHOD_MATCH = YES;
				"CODE_SIGN_IDENTITY[sdk=iphoneos*]" = "iPhone Developer";
				COPY_PHASE_STRIP = NO;
				DEBUG_INFORMATION_FORMAT = "dwarf-with-dsym";
				ENABLE_NS_ASSERTIONS = NO;
				ENABLE_STRICT_OBJC_MSGSEND = YES;
				GCC_C_LANGUAGE_STANDARD = gnu99;
				GCC_NO_COMMON_BLOCKS = YES;
				GCC_WARN_64_TO_32_BIT_CONVERSION = YES;
				GCC_WARN_ABOUT_RETURN_TYPE = YES_ERROR;
				GCC_WARN_UNDECLARED_SELECTOR = YES;
				GCC_WARN_UNINITIALIZED_AUTOS = YES_AGGRESSIVE;
				GCC_WARN_UNUSED_FUNCTION = YES;
				GCC_WARN_UNUSED_VARIABLE = YES;
				IPHONEOS_DEPLOYMENT_TARGET = 10.3;
				MTL_ENABLE_DEBUG_INFO = NO;
				SDKROOT = iphoneos;
				SWIFT_OPTIMIZATION_LEVEL = "-Owholemodule";
				VALIDATE_PRODUCT = YES;
			};
			name = Release;
		};
		22443C291F71DECB00F2F526 /* Debug */ = {
			isa = XCBuildConfiguration;
			baseConfigurationReference = 5C38F5776B004251574987E4 /* Pods-PerfectNews.debug.xcconfig */;
			buildSettings = {
				ASSETCATALOG_COMPILER_APPICON_NAME = AppIcon;
				FRAMEWORK_SEARCH_PATHS = (
					"$(inherited)",
					"\"$PODS_CONFIGURATION_BUILD_DIR/GTMSessionFetcher\"",
					"\"$PODS_CONFIGURATION_BUILD_DIR/GoogleToolboxForMac\"",
					"\"$PODS_CONFIGURATION_BUILD_DIR/nanopb\"",
					"\"${PODS_ROOT}/FirebaseAnalytics/Frameworks\"",
					"\"${PODS_ROOT}/FirebaseAuth/Frameworks\"",
					"\"${PODS_ROOT}/FirebaseCore/Frameworks\"",
					"\"${PODS_ROOT}/FirebaseInstanceID/Frameworks\"",
					"~/Documents/FacebookSDK",
				);
				INFOPLIST_FILE = PerfectNews/Info.plist;
				LD_RUNPATH_SEARCH_PATHS = "$(inherited) @executable_path/Frameworks";
				PRODUCT_BUNDLE_IDENTIFIER = com.isil.PerfectNews;
				PRODUCT_NAME = "$(TARGET_NAME)";
				SWIFT_VERSION = 3.0;
			};
			name = Debug;
		};
		22443C2A1F71DECB00F2F526 /* Release */ = {
			isa = XCBuildConfiguration;
			baseConfigurationReference = 27342D52F761F0E0786A4A67 /* Pods-PerfectNews.release.xcconfig */;
			buildSettings = {
				ASSETCATALOG_COMPILER_APPICON_NAME = AppIcon;
				FRAMEWORK_SEARCH_PATHS = (
					"$(inherited)",
					"\"$PODS_CONFIGURATION_BUILD_DIR/GTMSessionFetcher\"",
					"\"$PODS_CONFIGURATION_BUILD_DIR/GoogleToolboxForMac\"",
					"\"$PODS_CONFIGURATION_BUILD_DIR/nanopb\"",
					"\"${PODS_ROOT}/FirebaseAnalytics/Frameworks\"",
					"\"${PODS_ROOT}/FirebaseAuth/Frameworks\"",
					"\"${PODS_ROOT}/FirebaseCore/Frameworks\"",
					"\"${PODS_ROOT}/FirebaseInstanceID/Frameworks\"",
					"~/Documents/FacebookSDK",
				);
				INFOPLIST_FILE = PerfectNews/Info.plist;
				LD_RUNPATH_SEARCH_PATHS = "$(inherited) @executable_path/Frameworks";
				PRODUCT_BUNDLE_IDENTIFIER = com.isil.PerfectNews;
				PRODUCT_NAME = "$(TARGET_NAME)";
				SWIFT_VERSION = 3.0;
			};
			name = Release;
		};
/* End XCBuildConfiguration section */

/* Begin XCConfigurationList section */
		22443C0E1F71DECB00F2F526 /* Build configuration list for PBXProject "PerfectNews" */ = {
			isa = XCConfigurationList;
			buildConfigurations = (
				22443C261F71DECB00F2F526 /* Debug */,
				22443C271F71DECB00F2F526 /* Release */,
			);
			defaultConfigurationIsVisible = 0;
			defaultConfigurationName = Release;
		};
		22443C281F71DECB00F2F526 /* Build configuration list for PBXNativeTarget "PerfectNews" */ = {
			isa = XCConfigurationList;
			buildConfigurations = (
				22443C291F71DECB00F2F526 /* Debug */,
				22443C2A1F71DECB00F2F526 /* Release */,
			);
			defaultConfigurationIsVisible = 0;
			defaultConfigurationName = Release;
		};
/* End XCConfigurationList section */

/* Begin XCVersionGroup section */
		22443C1D1F71DECB00F2F526 /* PerfectNews.xcdatamodeld */ = {
			isa = XCVersionGroup;
			children = (
				22443C1E1F71DECB00F2F526 /* PerfectNews.xcdatamodel */,
			);
			currentVersion = 22443C1E1F71DECB00F2F526 /* PerfectNews.xcdatamodel */;
			path = PerfectNews.xcdatamodeld;
			sourceTree = "<group>";
			versionGroupType = wrapper.xcdatamodel;
		};
/* End XCVersionGroup section */
	};
	rootObject = 22443C0B1F71DECB00F2F526 /* Project object */;
}
